// !$*UTF8*$!
{
	archiveVersion = 1;
	classes = {
	};
	objectVersion = 48;
	objects = {

/* Begin PBXBuildFile section */
		89FCA172204E7CD000A811E4 /* AppDelegate.swift in Sources */ = {isa = PBXBuildFile; fileRef = 89FCA171204E7CD000A811E4 /* AppDelegate.swift */; };
		89FCA174204E7CD000A811E4 /* ViewController.swift in Sources */ = {isa = PBXBuildFile; fileRef = 89FCA173204E7CD000A811E4 /* ViewController.swift */; };
		89FCA177204E7CD000A811E4 /* Main.storyboard in Resources */ = {isa = PBXBuildFile; fileRef = 89FCA175204E7CD000A811E4 /* Main.storyboard */; };
		89FCA179204E7CD000A811E4 /* Assets.xcassets in Resources */ = {isa = PBXBuildFile; fileRef = 89FCA178204E7CD000A811E4 /* Assets.xcassets */; };
		89FCA17C204E7CD000A811E4 /* LaunchScreen.storyboard in Resources */ = {isa = PBXBuildFile; fileRef = 89FCA17A204E7CD000A811E4 /* LaunchScreen.storyboard */; };
		89FCA187204E7CD000A811E4 /* InstaKilo_SwiftTests.swift in Sources */ = {isa = PBXBuildFile; fileRef = 89FCA186204E7CD000A811E4 /* InstaKilo_SwiftTests.swift */; };
		89FCA192204E7CD000A811E4 /* InstaKilo_SwiftUITests.swift in Sources */ = {isa = PBXBuildFile; fileRef = 89FCA191204E7CD000A811E4 /* InstaKilo_SwiftUITests.swift */; };
/* End PBXBuildFile section */

/* Begin PBXContainerItemProxy section */
		89FCA183204E7CD000A811E4 /* PBXContainerItemProxy */ = {
			isa = PBXContainerItemProxy;
			containerPortal = 89FCA166204E7CD000A811E4 /* Project object */;
			proxyType = 1;
			remoteGlobalIDString = 89FCA16D204E7CD000A811E4;
			remoteInfo = "InstaKilo Swift";
		};
		89FCA18E204E7CD000A811E4 /* PBXContainerItemProxy */ = {
			isa = PBXContainerItemProxy;
			containerPortal = 89FCA166204E7CD000A811E4 /* Project object */;
			proxyType = 1;
			remoteGlobalIDString = 89FCA16D204E7CD000A811E4;
			remoteInfo = "InstaKilo Swift";
		};
/* End PBXContainerItemProxy section */

/* Begin PBXFileReference section */
		89FCA16E204E7CD000A811E4 /* InstaKilo Swift.app */ = {isa = PBXFileReference; explicitFileType = wrapper.application; includeInIndex = 0; path = "InstaKilo Swift.app"; sourceTree = BUILT_PRODUCTS_DIR; };
		89FCA171204E7CD000A811E4 /* AppDelegate.swift */ = {isa = PBXFileReference; lastKnownFileType = sourcecode.swift; path = AppDelegate.swift; sourceTree = "<group>"; };
		89FCA173204E7CD000A811E4 /* ViewController.swift */ = {isa = PBXFileReference; lastKnownFileType = sourcecode.swift; path = ViewController.swift; sourceTree = "<group>"; };
		89FCA176204E7CD000A811E4 /* Base */ = {isa = PBXFileReference; lastKnownFileType = file.storyboard; name = Base; path = Base.lproj/Main.storyboard; sourceTree = "<group>"; };
		89FCA178204E7CD000A811E4 /* Assets.xcassets */ = {isa = PBXFileReference; lastKnownFileType = folder.assetcatalog; path = Assets.xcassets; sourceTree = "<group>"; };
		89FCA17B204E7CD000A811E4 /* Base */ = {isa = PBXFileReference; lastKnownFileType = file.storyboard; name = Base; path = Base.lproj/LaunchScreen.storyboard; sourceTree = "<group>"; };
		89FCA17D204E7CD000A811E4 /* Info.plist */ = {isa = PBXFileReference; lastKnownFileType = text.plist.xml; path = Info.plist; sourceTree = "<group>"; };
		89FCA182204E7CD000A811E4 /* InstaKilo SwiftTests.xctest */ = {isa = PBXFileReference; explicitFileType = wrapper.cfbundle; includeInIndex = 0; path = "InstaKilo SwiftTests.xctest"; sourceTree = BUILT_PRODUCTS_DIR; };
		89FCA186204E7CD000A811E4 /* InstaKilo_SwiftTests.swift */ = {isa = PBXFileReference; lastKnownFileType = sourcecode.swift; path = InstaKilo_SwiftTests.swift; sourceTree = "<group>"; };
		89FCA188204E7CD000A811E4 /* Info.plist */ = {isa = PBXFileReference; lastKnownFileType = text.plist.xml; path = Info.plist; sourceTree = "<group>"; };
		89FCA18D204E7CD000A811E4 /* InstaKilo SwiftUITests.xctest */ = {isa = PBXFileReference; explicitFileType = wrapper.cfbundle; includeInIndex = 0; path = "InstaKilo SwiftUITests.xctest"; sourceTree = BUILT_PRODUCTS_DIR; };
		89FCA191204E7CD000A811E4 /* InstaKilo_SwiftUITests.swift */ = {isa = PBXFileReference; lastKnownFileType = sourcecode.swift; path = InstaKilo_SwiftUITests.swift; sourceTree = "<group>"; };
		89FCA193204E7CD000A811E4 /* Info.plist */ = {isa = PBXFileReference; lastKnownFileType = text.plist.xml; path = Info.plist; sourceTree = "<group>"; };
/* End PBXFileReference section */

/* Begin PBXFrameworksBuildPhase section */
		89FCA16B204E7CD000A811E4 /* Frameworks */ = {
			isa = PBXFrameworksBuildPhase;
			buildActionMask = 2147483647;
			files = (
			);
			runOnlyForDeploymentPostprocessing = 0;
		};
		89FCA17F204E7CD000A811E4 /* Frameworks */ = {
			isa = PBXFrameworksBuildPhase;
			buildActionMask = 2147483647;
			files = (
			);
			runOnlyForDeploymentPostprocessing = 0;
		};
		89FCA18A204E7CD000A811E4 /* Frameworks */ = {
			isa = PBXFrameworksBuildPhase;
			buildActionMask = 2147483647;
			files = (
			);
			runOnlyForDeploymentPostprocessing = 0;
		};
/* End PBXFrameworksBuildPhase section */

/* Begin PBXGroup section */
		89FCA165204E7CD000A811E4 = {
			isa = PBXGroup;
			children = (
				89FCA170204E7CD000A811E4 /* InstaKilo Swift */,
				89FCA185204E7CD000A811E4 /* InstaKilo SwiftTests */,
				89FCA190204E7CD000A811E4 /* InstaKilo SwiftUITests */,
				89FCA16F204E7CD000A811E4 /* Products */,
			);
			sourceTree = "<group>";
		};
		89FCA16F204E7CD000A811E4 /* Products */ = {
			isa = PBXGroup;
			children = (
				89FCA16E204E7CD000A811E4 /* InstaKilo Swift.app */,
				89FCA182204E7CD000A811E4 /* InstaKilo SwiftTests.xctest */,
				89FCA18D204E7CD000A811E4 /* InstaKilo SwiftUITests.xctest */,
			);
			name = Products;
			sourceTree = "<group>";
		};
		89FCA170204E7CD000A811E4 /* InstaKilo Swift */ = {
			isa = PBXGroup;
			children = (
				89FCA171204E7CD000A811E4 /* AppDelegate.swift */,
				89FCA173204E7CD000A811E4 /* ViewController.swift */,
				89FCA175204E7CD000A811E4 /* Main.storyboard */,
				89FCA178204E7CD000A811E4 /* Assets.xcassets */,
				89FCA17A204E7CD000A811E4 /* LaunchScreen.storyboard */,
				89FCA17D204E7CD000A811E4 /* Info.plist */,
			);
			path = "InstaKilo Swift";
			sourceTree = "<group>";
		};
		89FCA185204E7CD000A811E4 /* InstaKilo SwiftTests */ = {
			isa = PBXGroup;
			children = (
				89FCA186204E7CD000A811E4 /* InstaKilo_SwiftTests.swift */,
				89FCA188204E7CD000A811E4 /* Info.plist */,
			);
			path = "InstaKilo SwiftTests";
			sourceTree = "<group>";
		};
		89FCA190204E7CD000A811E4 /* InstaKilo SwiftUITests */ = {
			isa = PBXGroup;
			children = (
				89FCA191204E7CD000A811E4 /* InstaKilo_SwiftUITests.swift */,
				89FCA193204E7CD000A811E4 /* Info.plist */,
			);
			path = "InstaKilo SwiftUITests";
			sourceTree = "<group>";
		};
/* End PBXGroup section */

/* Begin PBXNativeTarget section */
		89FCA16D204E7CD000A811E4 /* InstaKilo Swift */ = {
			isa = PBXNativeTarget;
			buildConfigurationList = 89FCA196204E7CD000A811E4 /* Build configuration list for PBXNativeTarget "InstaKilo Swift" */;
			buildPhases = (
				89FCA16A204E7CD000A811E4 /* Sources */,
				89FCA16B204E7CD000A811E4 /* Frameworks */,
				89FCA16C204E7CD000A811E4 /* Resources */,
			);
			buildRules = (
			);
			dependencies = (
			);
			name = "InstaKilo Swift";
			productName = "InstaKilo Swift";
			productReference = 89FCA16E204E7CD000A811E4 /* InstaKilo Swift.app */;
			productType = "com.apple.product-type.application";
		};
		89FCA181204E7CD000A811E4 /* InstaKilo SwiftTests */ = {
			isa = PBXNativeTarget;
			buildConfigurationList = 89FCA199204E7CD000A811E4 /* Build configuration list for PBXNativeTarget "InstaKilo SwiftTests" */;
			buildPhases = (
				89FCA17E204E7CD000A811E4 /* Sources */,
				89FCA17F204E7CD000A811E4 /* Frameworks */,
				89FCA180204E7CD000A811E4 /* Resources */,
			);
			buildRules = (
			);
			dependencies = (
				89FCA184204E7CD000A811E4 /* PBXTargetDependency */,
			);
			name = "InstaKilo SwiftTests";
			productName = "InstaKilo SwiftTests";
			productReference = 89FCA182204E7CD000A811E4 /* InstaKilo SwiftTests.xctest */;
			productType = "com.apple.product-type.bundle.unit-test";
		};
		89FCA18C204E7CD000A811E4 /* InstaKilo SwiftUITests */ = {
			isa = PBXNativeTarget;
			buildConfigurationList = 89FCA19C204E7CD000A811E4 /* Build configuration list for PBXNativeTarget "InstaKilo SwiftUITests" */;
			buildPhases = (
				89FCA189204E7CD000A811E4 /* Sources */,
				89FCA18A204E7CD000A811E4 /* Frameworks */,
				89FCA18B204E7CD000A811E4 /* Resources */,
			);
			buildRules = (
			);
			dependencies = (
				89FCA18F204E7CD000A811E4 /* PBXTargetDependency */,
			);
			name = "InstaKilo SwiftUITests";
			productName = "InstaKilo SwiftUITests";
			productReference = 89FCA18D204E7CD000A811E4 /* InstaKilo SwiftUITests.xctest */;
			productType = "com.apple.product-type.bundle.ui-testing";
		};
/* End PBXNativeTarget section */

/* Begin PBXProject section */
		89FCA166204E7CD000A811E4 /* Project object */ = {
			isa = PBXProject;
			attributes = {
				LastSwiftUpdateCheck = 0900;
				LastUpgradeCheck = 0900;
				ORGANIZATIONNAME = "Chris Dean";
				TargetAttributes = {
					89FCA16D204E7CD000A811E4 = {
						CreatedOnToolsVersion = 9.0;
						ProvisioningStyle = Automatic;
					};
					89FCA181204E7CD000A811E4 = {
						CreatedOnToolsVersion = 9.0;
						ProvisioningStyle = Automatic;
						TestTargetID = 89FCA16D204E7CD000A811E4;
					};
					89FCA18C204E7CD000A811E4 = {
						CreatedOnToolsVersion = 9.0;
						ProvisioningStyle = Automatic;
						TestTargetID = 89FCA16D204E7CD000A811E4;
					};
				};
			};
			buildConfigurationList = 89FCA169204E7CD000A811E4 /* Build configuration list for PBXProject "InstaKilo Swift" */;
			compatibilityVersion = "Xcode 8.0";
			developmentRegion = en;
			hasScannedForEncodings = 0;
			knownRegions = (
				en,
				Base,
			);
			mainGroup = 89FCA165204E7CD000A811E4;
			productRefGroup = 89FCA16F204E7CD000A811E4 /* Products */;
			projectDirPath = "";
			projectRoot = "";
			targets = (
				89FCA16D204E7CD000A811E4 /* InstaKilo Swift */,
				89FCA181204E7CD000A811E4 /* InstaKilo SwiftTests */,
				89FCA18C204E7CD000A811E4 /* InstaKilo SwiftUITests */,
			);
		};
/* End PBXProject section */

/* Begin PBXResourcesBuildPhase section */
		89FCA16C204E7CD000A811E4 /* Resources */ = {
			isa = PBXResourcesBuildPhase;
			buildActionMask = 2147483647;
			files = (
				89FCA17C204E7CD000A811E4 /* LaunchScreen.storyboard in Resources */,
				89FCA179204E7CD000A811E4 /* Assets.xcassets in Resources */,
				89FCA177204E7CD000A811E4 /* Main.storyboard in Resources */,
			);
			runOnlyForDeploymentPostprocessing = 0;
		};
		89FCA180204E7CD000A811E4 /* Resources */ = {
			isa = PBXResourcesBuildPhase;
			buildActionMask = 2147483647;
			files = (
			);
			runOnlyForDeploymentPostprocessing = 0;
		};
		89FCA18B204E7CD000A811E4 /* Resources */ = {
			isa = PBXResourcesBuildPhase;
			buildActionMask = 2147483647;
			files = (
			);
			runOnlyForDeploymentPostprocessing = 0;
		};
/* End PBXResourcesBuildPhase section */

/* Begin PBXSourcesBuildPhase section */
		89FCA16A204E7CD000A811E4 /* Sources */ = {
			isa = PBXSourcesBuildPhase;
			buildActionMask = 2147483647;
			files = (
				89FCA174204E7CD000A811E4 /* ViewController.swift in Sources */,
				89FCA172204E7CD000A811E4 /* AppDelegate.swift in Sources */,
			);
			runOnlyForDeploymentPostprocessing = 0;
		};
		89FCA17E204E7CD000A811E4 /* Sources */ = {
			isa = PBXSourcesBuildPhase;
			buildActionMask = 2147483647;
			files = (
				89FCA187204E7CD000A811E4 /* InstaKilo_SwiftTests.swift in Sources */,
			);
			runOnlyForDeploymentPostprocessing = 0;
		};
		89FCA189204E7CD000A811E4 /* Sources */ = {
			isa = PBXSourcesBuildPhase;
			buildActionMask = 2147483647;
			files = (
				89FCA192204E7CD000A811E4 /* InstaKilo_SwiftUITests.swift in Sources */,
			);
			runOnlyForDeploymentPostprocessing = 0;
		};
/* End PBXSourcesBuildPhase section */

/* Begin PBXTargetDependency section */
		89FCA184204E7CD000A811E4 /* PBXTargetDependency */ = {
			isa = PBXTargetDependency;
			target = 89FCA16D204E7CD000A811E4 /* InstaKilo Swift */;
			targetProxy = 89FCA183204E7CD000A811E4 /* PBXContainerItemProxy */;
		};
		89FCA18F204E7CD000A811E4 /* PBXTargetDependency */ = {
			isa = PBXTargetDependency;
			target = 89FCA16D204E7CD000A811E4 /* InstaKilo Swift */;
			targetProxy = 89FCA18E204E7CD000A811E4 /* PBXContainerItemProxy */;
		};
/* End PBXTargetDependency section */

/* Begin PBXVariantGroup section */
		89FCA175204E7CD000A811E4 /* Main.storyboard */ = {
			isa = PBXVariantGroup;
			children = (
				89FCA176204E7CD000A811E4 /* Base */,
			);
			name = Main.storyboard;
			sourceTree = "<group>";
		};
		89FCA17A204E7CD000A811E4 /* LaunchScreen.storyboard */ = {
			isa = PBXVariantGroup;
			children = (
				89FCA17B204E7CD000A811E4 /* Base */,
			);
			name = LaunchScreen.storyboard;
			sourceTree = "<group>";
		};
/* End PBXVariantGroup section */

/* Begin XCBuildConfiguration section */
		89FCA194204E7CD000A811E4 /* Debug */ = {
			isa = XCBuildConfiguration;
			buildSettings = {
				ALWAYS_SEARCH_USER_PATHS = NO;
				CLANG_ANALYZER_NONNULL = YES;
				CLANG_ANALYZER_NUMBER_OBJECT_CONVERSION = YES_AGGRESSIVE;
				CLANG_CXX_LANGUAGE_STANDARD = "gnu++14";
				CLANG_CXX_LIBRARY = "libc++";
				CLANG_ENABLE_MODULES = YES;
				CLANG_ENABLE_OBJC_ARC = YES;
				CLANG_WARN_BLOCK_CAPTURE_AUTORELEASING = YES;
				CLANG_WARN_BOOL_CONVERSION = YES;
				CLANG_WARN_COMMA = YES;
				CLANG_WARN_CONSTANT_CONVERSION = YES;
				CLANG_WARN_DIRECT_OBJC_ISA_USAGE = YES_ERROR;
				CLANG_WARN_DOCUMENTATION_COMMENTS = YES;
				CLANG_WARN_EMPTY_BODY = YES;
				CLANG_WARN_ENUM_CONVERSION = YES;
				CLANG_WARN_INFINITE_RECURSION = YES;
				CLANG_WARN_INT_CONVERSION = YES;
				CLANG_WARN_NON_LITERAL_NULL_CONVERSION = YES;
				CLANG_WARN_OBJC_LITERAL_CONVERSION = YES;
				CLANG_WARN_OBJC_ROOT_CLASS = YES_ERROR;
				CLANG_WARN_RANGE_LOOP_ANALYSIS = YES;
				CLANG_WARN_STRICT_PROTOTYPES = YES;
				CLANG_WARN_SUSPICIOUS_MOVE = YES;
				CLANG_WARN_UNGUARDED_AVAILABILITY = YES_AGGRESSIVE;
				CLANG_WARN_UNREACHABLE_CODE = YES;
				CLANG_WARN__DUPLICATE_METHOD_MATCH = YES;
				CODE_SIGN_IDENTITY = "iPhone Developer";
				COPY_PHASE_STRIP = NO;
				DEBUG_INFORMATION_FORMAT = dwarf;
				ENABLE_STRICT_OBJC_MSGSEND = YES;
				ENABLE_TESTABILITY = YES;
				GCC_C_LANGUAGE_STANDARD = gnu11;
				GCC_DYNAMIC_NO_PIC = NO;
				GCC_NO_COMMON_BLOCKS = YES;
				GCC_OPTIMIZATION_LEVEL = 0;
				GCC_PREPROCESSOR_DEFINITIONS = (
					"DEBUG=1",
					"$(inherited)",
				);
				GCC_WARN_64_TO_32_BIT_CONVERSION = YES;
				GCC_WARN_ABOUT_RETURN_TYPE = YES_ERROR;
				GCC_WARN_UNDECLARED_SELECTOR = YES;
				GCC_WARN_UNINITIALIZED_AUTOS = YES_AGGRESSIVE;
				GCC_WARN_UNUSED_FUNCTION = YES;
				GCC_WARN_UNUSED_VARIABLE = YES;
				IPHONEOS_DEPLOYMENT_TARGET = 11.0;
				MTL_ENABLE_DEBUG_INFO = YES;
				ONLY_ACTIVE_ARCH = YES;
				SDKROOT = iphoneos;
				SWIFT_ACTIVE_COMPILATION_CONDITIONS = DEBUG;
				SWIFT_OPTIMIZATION_LEVEL = "-Onone";
			};
			name = Debug;
		};
		89FCA195204E7CD000A811E4 /* Release */ = {
			isa = XCBuildConfiguration;
			buildSettings = {
				ALWAYS_SEARCH_USER_PATHS = NO;
				CLANG_ANALYZER_NONNULL = YES;
				CLANG_ANALYZER_NUMBER_OBJECT_CONVERSION = YES_AGGRESSIVE;
				CLANG_CXX_LANGUAGE_STANDARD = "gnu++14";
				CLANG_CXX_LIBRARY = "libc++";
				CLANG_ENABLE_MODULES = YES;
				CLANG_ENABLE_OBJC_ARC = YES;
				CLANG_WARN_BLOCK_CAPTURE_AUTORELEASING = YES;
				CLANG_WARN_BOOL_CONVERSION = YES;
				CLANG_WARN_COMMA = YES;
				CLANG_WARN_CONSTANT_CONVERSION = YES;
				CLANG_WARN_DIRECT_OBJC_ISA_USAGE = YES_ERROR;
				CLANG_WARN_DOCUMENTATION_COMMENTS = YES;
				CLANG_WARN_EMPTY_BODY = YES;
				CLANG_WARN_ENUM_CONVERSION = YES;
				CLANG_WARN_INFINITE_RECURSION = YES;
				CLANG_WARN_INT_CONVERSION = YES;
				CLANG_WARN_NON_LITERAL_NULL_CONVERSION = YES;
				CLANG_WARN_OBJC_LITERAL_CONVERSION = YES;
				CLANG_WARN_OBJC_ROOT_CLASS = YES_ERROR;
				CLANG_WARN_RANGE_LOOP_ANALYSIS = YES;
				CLANG_WARN_STRICT_PROTOTYPES = YES;
				CLANG_WARN_SUSPICIOUS_MOVE = YES;
				CLANG_WARN_UNGUARDED_AVAILABILITY = YES_AGGRESSIVE;
				CLANG_WARN_UNREACHABLE_CODE = YES;
				CLANG_WARN__DUPLICATE_METHOD_MATCH = YES;
				CODE_SIGN_IDENTITY = "iPhone Developer";
				COPY_PHASE_STRIP = NO;
				DEBUG_INFORMATION_FORMAT = "dwarf-with-dsym";
				ENABLE_NS_ASSERTIONS = NO;
				ENABLE_STRICT_OBJC_MSGSEND = YES;
				GCC_C_LANGUAGE_STANDARD = gnu11;
				GCC_NO_COMMON_BLOCKS = YES;
				GCC_WARN_64_TO_32_BIT_CONVERSION = YES;
				GCC_WARN_ABOUT_RETURN_TYPE = YES_ERROR;
				GCC_WARN_UNDECLARED_SELECTOR = YES;
				GCC_WARN_UNINITIALIZED_AUTOS = YES_AGGRESSIVE;
				GCC_WARN_UNUSED_FUNCTION = YES;
				GCC_WARN_UNUSED_VARIABLE = YES;
				IPHONEOS_DEPLOYMENT_TARGET = 11.0;
				MTL_ENABLE_DEBUG_INFO = NO;
				SDKROOT = iphoneos;
				SWIFT_OPTIMIZATION_LEVEL = "-Owholemodule";
				VALIDATE_PRODUCT = YES;
			};
			name = Release;
		};
		89FCA197204E7CD000A811E4 /* Debug */ = {
			isa = XCBuildConfiguration;
			buildSettings = {
				ASSETCATALOG_COMPILER_APPICON_NAME = AppIcon;
				CODE_SIGN_STYLE = Automatic;
				DEVELOPMENT_TEAM = 95BWZVVTRH;
				INFOPLIST_FILE = "InstaKilo Swift/Info.plist";
				LD_RUNPATH_SEARCH_PATHS = "$(inherited) @executable_path/Frameworks";
				PRODUCT_BUNDLE_IDENTIFIER = "cd.GNAR.InstaKilo-Swift";
				PRODUCT_NAME = "$(TARGET_NAME)";
				SWIFT_VERSION = 4.0;
				TARGETED_DEVICE_FAMILY = "1,2";
			};
			name = Debug;
		};
		89FCA198204E7CD000A811E4 /* Release */ = {
			isa = XCBuildConfiguration;
			buildSettings = {
				ASSETCATALOG_COMPILER_APPICON_NAME = AppIcon;
				CODE_SIGN_STYLE = Automatic;
				DEVELOPMENT_TEAM = 95BWZVVTRH;
				INFOPLIST_FILE = "InstaKilo Swift/Info.plist";
				LD_RUNPATH_SEARCH_PATHS = "$(inherited) @executable_path/Frameworks";
				PRODUCT_BUNDLE_IDENTIFIER = "cd.GNAR.InstaKilo-Swift";
				PRODUCT_NAME = "$(TARGET_NAME)";
				SWIFT_VERSION = 4.0;
				TARGETED_DEVICE_FAMILY = "1,2";
			};
			name = Release;
		};
		89FCA19A204E7CD000A811E4 /* Debug */ = {
			isa = XCBuildConfiguration;
			buildSettings = {
				ALWAYS_EMBED_SWIFT_STANDARD_LIBRARIES = YES;
				BUNDLE_LOADER = "$(TEST_HOST)";
				CODE_SIGN_STYLE = Automatic;
				DEVELOPMENT_TEAM = 95BWZVVTRH;
				INFOPLIST_FILE = "InstaKilo SwiftTests/Info.plist";
				LD_RUNPATH_SEARCH_PATHS = "$(inherited) @executable_path/Frameworks @loader_path/Frameworks";
				PRODUCT_BUNDLE_IDENTIFIER = "cd.GNAR.InstaKilo-SwiftTests";
				PRODUCT_NAME = "$(TARGET_NAME)";
				SWIFT_VERSION = 4.0;
				TARGETED_DEVICE_FAMILY = "1,2";
				TEST_HOST = "$(BUILT_PRODUCTS_DIR)/InstaKilo Swift.app/InstaKilo Swift";
			};
			name = Debug;
		};
		89FCA19B204E7CD000A811E4 /* Release */ = {
			isa = XCBuildConfiguration;
			buildSettings = {
				ALWAYS_EMBED_SWIFT_STANDARD_LIBRARIES = YES;
				BUNDLE_LOADER = "$(TEST_HOST)";
				CODE_SIGN_STYLE = Automatic;
				DEVELOPMENT_TEAM = 95BWZVVTRH;
				INFOPLIST_FILE = "InstaKilo SwiftTests/Info.plist";
				LD_RUNPATH_SEARCH_PATHS = "$(inherited) @executable_path/Frameworks @loader_path/Frameworks";
				PRODUCT_BUNDLE_IDENTIFIER = "cd.GNAR.InstaKilo-SwiftTests";
				PRODUCT_NAME = "$(TARGET_NAME)";
				SWIFT_VERSION = 4.0;
				TARGETED_DEVICE_FAMILY = "1,2";
				TEST_HOST = "$(BUILT_PRODUCTS_DIR)/InstaKilo Swift.app/InstaKilo Swift";
			};
			name = Release;
		};
		89FCA19D204E7CD000A811E4 /* Debug */ = {
			isa = XCBuildConfiguration;
			buildSettings = {
				ALWAYS_EMBED_SWIFT_STANDARD_LIBRARIES = YES;
				CODE_SIGN_STYLE = Automatic;
				DEVELOPMENT_TEAM = 95BWZVVTRH;
				INFOPLIST_FILE = "InstaKilo SwiftUITests/Info.plist";
				LD_RUNPATH_SEARCH_PATHS = "$(inherited) @executable_path/Frameworks @loader_path/Frameworks";
				PRODUCT_BUNDLE_IDENTIFIER = "cd.GNAR.InstaKilo-SwiftUITests";
				PRODUCT_NAME = "$(TARGET_NAME)";
				SWIFT_VERSION = 4.0;
				TARGETED_DEVICE_FAMILY = "1,2";
				TEST_TARGET_NAME = "InstaKilo Swift";
			};
			name = Debug;
		};
		89FCA19E204E7CD000A811E4 /* Release */ = {
			isa = XCBuildConfiguration;
			buildSettings = {
				ALWAYS_EMBED_SWIFT_STANDARD_LIBRARIES = YES;
				CODE_SIGN_STYLE = Automatic;
				DEVELOPMENT_TEAM = 95BWZVVTRH;
				INFOPLIST_FILE = "InstaKilo SwiftUITests/Info.plist";
				LD_RUNPATH_SEARCH_PATHS = "$(inherited) @executable_path/Frameworks @loader_path/Frameworks";
				PRODUCT_BUNDLE_IDENTIFIER = "cd.GNAR.InstaKilo-SwiftUITests";
				PRODUCT_NAME = "$(TARGET_NAME)";
				SWIFT_VERSION = 4.0;
				TARGETED_DEVICE_FAMILY = "1,2";
				TEST_TARGET_NAME = "InstaKilo Swift";
			};
			name = Release;
		};
/* End XCBuildConfiguration section */

/* Begin XCConfigurationList section */
		89FCA169204E7CD000A811E4 /* Build configuration list for PBXProject "InstaKilo Swift" */ = {
			isa = XCConfigurationList;
			buildConfigurations = (
				89FCA194204E7CD000A811E4 /* Debug */,
				89FCA195204E7CD000A811E4 /* Release */,
			);
			defaultConfigurationIsVisible = 0;
			defaultConfigurationName = Release;
		};
		89FCA196204E7CD000A811E4 /* Build configuration list for PBXNativeTarget "InstaKilo Swift" */ = {
			isa = XCConfigurationList;
			buildConfigurations = (
				89FCA197204E7CD000A811E4 /* Debug */,
				89FCA198204E7CD000A811E4 /* Release */,
			);
			defaultConfigurationIsVisible = 0;
			defaultConfigurationName = Release;
		};
		89FCA199204E7CD000A811E4 /* Build configuration list for PBXNativeTarget "InstaKilo SwiftTests" */ = {
			isa = XCConfigurationList;
			buildConfigurations = (
				89FCA19A204E7CD000A811E4 /* Debug */,
				89FCA19B204E7CD000A811E4 /* Release */,
			);
			defaultConfigurationIsVisible = 0;
			defaultConfigurationName = Release;
		};
		89FCA19C204E7CD000A811E4 /* Build configuration list for PBXNativeTarget "InstaKilo SwiftUITests" */ = {
			isa = XCConfigurationList;
			buildConfigurations = (
				89FCA19D204E7CD000A811E4 /* Debug */,
				89FCA19E204E7CD000A811E4 /* Release */,
			);
			defaultConfigurationIsVisible = 0;
			defaultConfigurationName = Release;
		};
/* End XCConfigurationList section */
	};
	rootObject = 89FCA166204E7CD000A811E4 /* Project object */;
}
